<Solution>
  <Folder Name="/src/" />
  <Folder Name="/src/Core/">
    <Project Path="Pizzeria.Domain\Pizzeria.Domain.csproj" />
    <Project Path="src/Core/Pizzeria.Application/Pizzeria.Application.csproj" />
  </Folder>
  <Folder Name="/src/Infrastructure/">
    <Project Path="Pizzeria.Infrastructure/Pizzeria.Infrastructure.csproj" />
  </Folder>
</Solution>
