<Solution>
  <Folder Name="/src/Core/">
    <Project Path="Pizzeria.Domain/Pizzeria.Domain.csproj" />
    <Project Path="Pizzeria.Application/Pizzeria.Application.csproj" />
  </Folder>
  <Folder Name="/src/Infrastructure/">
    <Project Path="Pizzeria.Infrastructure/Pizzeria.Infrastructure.csproj" />
  </Folder>
  <Folder Name="/src/Presentation/">
    <Project Path="Pizzeria.WebApi/Pizzeria.WebApi.csproj" />
  </Folder>
</Solution>
